
Microsoft Visual Studio Solution File, Format Version 12.00
# Visual Studio 15
VisualStudioVersion = 15.0.26430.15
MinimumVisualStudioVersion = 10.0.40219.1
Project("{FAE04EC0-301F-11D3-BF4B-00C04F79EFBC}") = "Replace-a-Face", "Replace-a-Face\Replace-a-Face.csproj", "{FF2FDB43-B26D-4595-9792-752CB536EB86}"
EndProject
Global
	GlobalSection(SolutionConfigurationPlatforms) = preSolution
		Debug|Any CPU = Debug|Any CPU
		Release|Any CPU = Release|Any CPU
	EndGlobalSection
	GlobalSection(ProjectConfigurationPlatforms) = postSolution
		{FF2FDB43-B26D-4595-9792-752CB536EB86}.Debug|Any CPU.ActiveCfg = Debug|Any CPU
		{FF2FDB43-B26D-4595-9792-752CB536EB86}.Debug|Any CPU.Build.0 = Debug|Any CPU
		{FF2FDB43-B26D-4595-9792-752CB536EB86}.Release|Any CPU.ActiveCfg = Release|Any CPU
		{FF2FDB43-B26D-4595-9792-752CB536EB86}.Release|Any CPU.Build.0 = Release|Any CPU
	EndGlobalSection
	GlobalSection(SolutionProperties) = preSolution
		HideSolutionNode = FALSE
	EndGlobalSection
EndGlobal
